// !$*UTF8*$!
{
	archiveVersion = 1;
	classes = {
	};
	objectVersion = 77;
	objects = {

/* Begin PBXBuildFile section */
		5302CFA72E4B2C9900E19716 /* FirebaseAI in Frameworks */ = {isa = PBXBuildFile; productRef = 5302CFA62E4B2C9900E19716 /* FirebaseAI */; };
		5302CFA92E4B2C9900E19716 /* FirebaseAnalytics in Frameworks */ = {isa = PBXBuildFile; productRef = 5302CFA82E4B2C9900E19716 /* FirebaseAnalytics */; };
		5302CFAB2E4B2C9900E19716 /* FirebaseAnalyticsCore in Frameworks */ = {isa = PBXBuildFile; productRef = 5302CFAA2E4B2C9900E19716 /* FirebaseAnalyticsCore */; };
		5302CFAD2E4B2C9900E19716 /* FirebaseAnalyticsIdentitySupport in Frameworks */ = {isa = PBXBuildFile; productRef = 5302CFAC2E4B2C9900E19716 /* FirebaseAnalyticsIdentitySupport */; };
		5302CFAF2E4B2C9900E19716 /* FirebaseAppCheck in Frameworks */ = {isa = PBXBuildFile; productRef = 5302CFAE2E4B2C9900E19716 /* FirebaseAppCheck */; };
		537BCC7E2E4B58670039CACE /* FirebaseAppDistribution-Beta in Frameworks */ = {isa = PBXBuildFile; productRef = 537BCC7D2E4B58670039CACE /* FirebaseAppDistribution-Beta */; };
		537BCC802E4B58670039CACE /* FirebaseAuth in Frameworks */ = {isa = PBXBuildFile; productRef = 537BCC7F2E4B58670039CACE /* FirebaseAuth */; };
		537BCC822E4B58670039CACE /* FirebaseAuthCombine-Community in Frameworks */ = {isa = PBXBuildFile; productRef = 537BCC812E4B58670039CACE /* FirebaseAuthCombine-Community */; };
		537BCC842E4B58670039CACE /* FirebaseCore in Frameworks */ = {isa = PBXBuildFile; productRef = 537BCC832E4B58670039CACE /* FirebaseCore */; };
		537BCC862E4B58670039CACE /* FirebaseCrashlytics in Frameworks */ = {isa = PBXBuildFile; productRef = 537BCC852E4B58670039CACE /* FirebaseCrashlytics */; };
		537BCC882E4B58670039CACE /* FirebaseDatabase in Frameworks */ = {isa = PBXBuildFile; productRef = 537BCC872E4B58670039CACE /* FirebaseDatabase */; };
		537BCC8A2E4B58670039CACE /* FirebaseFirestore in Frameworks */ = {isa = PBXBuildFile; productRef = 537BCC892E4B58670039CACE /* FirebaseFirestore */; };
		537BCC8C2E4B58670039CACE /* FirebaseFirestoreCombine-Community in Frameworks */ = {isa = PBXBuildFile; productRef = 537BCC8B2E4B58670039CACE /* FirebaseFirestoreCombine-Community */; };
		537BCC8E2E4B58670039CACE /* FirebaseFunctions in Frameworks */ = {isa = PBXBuildFile; productRef = 537BCC8D2E4B58670039CACE /* FirebaseFunctions */; };
		537BCC902E4B58670039CACE /* FirebaseFunctionsCombine-Community in Frameworks */ = {isa = PBXBuildFile; productRef = 537BCC8F2E4B58670039CACE /* FirebaseFunctionsCombine-Community */; };
		537BCC922E4B58670039CACE /* FirebaseInAppMessaging-Beta in Frameworks */ = {isa = PBXBuildFile; productRef = 537BCC912E4B58670039CACE /* FirebaseInAppMessaging-Beta */; };
		537BCC942E4B58670039CACE /* FirebaseInstallations in Frameworks */ = {isa = PBXBuildFile; productRef = 537BCC932E4B58670039CACE /* FirebaseInstallations */; };
		537BCC962E4B58670039CACE /* FirebaseMLModelDownloader in Frameworks */ = {isa = PBXBuildFile; productRef = 537BCC952E4B58670039CACE /* FirebaseMLModelDownloader */; };
		537BCC982E4B58670039CACE /* FirebaseMessaging in Frameworks */ = {isa = PBXBuildFile; productRef = 537BCC972E4B58670039CACE /* FirebaseMessaging */; };
		537BCC9A2E4B58670039CACE /* FirebasePerformance in Frameworks */ = {isa = PBXBuildFile; productRef = 537BCC992E4B58670039CACE /* FirebasePerformance */; };
		537BCC9C2E4B58670039CACE /* FirebaseRemoteConfig in Frameworks */ = {isa = PBXBuildFile; productRef = 537BCC9B2E4B58670039CACE /* FirebaseRemoteConfig */; };
		537BCC9E2E4B58670039CACE /* FirebaseStorage in Frameworks */ = {isa = PBXBuildFile; productRef = 537BCC9D2E4B58670039CACE /* FirebaseStorage */; };
		537BCCA02E4B58670039CACE /* FirebaseStorageCombine-Community in Frameworks */ = {isa = PBXBuildFile; productRef = 537BCC9F2E4B58670039CACE /* FirebaseStorageCombine-Community */; };
/* End PBXBuildFile section */

/* Begin PBXContainerItemProxy section */
		5302CF852E4B24F600E19716 /* PBXContainerItemProxy */ = {
			isa = PBXContainerItemProxy;
			containerPortal = 5302CF6F2E4B24ED00E19716 /* Project object */;
			proxyType = 1;
			remoteGlobalIDString = 5302CF762E4B24EE00E19716;
			remoteInfo = TodoListApp;
		};
		5302CF8F2E4B24F600E19716 /* PBXContainerItemProxy */ = {
			isa = PBXContainerItemProxy;
			containerPortal = 5302CF6F2E4B24ED00E19716 /* Project object */;
			proxyType = 1;
			remoteGlobalIDString = 5302CF762E4B24EE00E19716;
			remoteInfo = TodoListApp;
		};
/* End PBXContainerItemProxy section */

/* Begin PBXFileReference section */
		5302CF772E4B24EE00E19716 /* TodoListApp.app */ = {isa = PBXFileReference; explicitFileType = wrapper.application; includeInIndex = 0; path = TodoListApp.app; sourceTree = BUILT_PRODUCTS_DIR; };
		5302CF842E4B24F600E19716 /* TodoListAppTests.xctest */ = {isa = PBXFileReference; explicitFileType = wrapper.cfbundle; includeInIndex = 0; path = TodoListAppTests.xctest; sourceTree = BUILT_PRODUCTS_DIR; };
		5302CF8E2E4B24F600E19716 /* TodoListAppUITests.xctest */ = {isa = PBXFileReference; explicitFileType = wrapper.cfbundle; includeInIndex = 0; path = TodoListAppUITests.xctest; sourceTree = BUILT_PRODUCTS_DIR; };
/* End PBXFileReference section */

/* Begin PBXFileSystemSynchronizedRootGroup section */
		5302CF792E4B24EE00E19716 /* TodoListApp */ = {
			isa = PBXFileSystemSynchronizedRootGroup;
			path = TodoListApp;
			sourceTree = "<group>";
		};
		5302CF872E4B24F600E19716 /* TodoListAppTests */ = {
			isa = PBXFileSystemSynchronizedRootGroup;
			path = TodoListAppTests;
			sourceTree = "<group>";
		};
		5302CF912E4B24F600E19716 /* TodoListAppUITests */ = {
			isa = PBXFileSystemSynchronizedRootGroup;
			path = TodoListAppUITests;
			sourceTree = "<group>";
		};
/* End PBXFileSystemSynchronizedRootGroup section */

/* Begin PBXFrameworksBuildPhase section */
		5302CF742E4B24EE00E19716 /* Frameworks */ = {
			isa = PBXFrameworksBuildPhase;
			buildActionMask = 2147483647;
			files = (
				537BCC8C2E4B58670039CACE /* FirebaseFirestoreCombine-Community in Frameworks */,
				537BCC8E2E4B58670039CACE /* FirebaseFunctions in Frameworks */,
				537BCC9A2E4B58670039CACE /* FirebasePerformance in Frameworks */,
				537BCCA02E4B58670039CACE /* FirebaseStorageCombine-Community in Frameworks */,
				537BCC9C2E4B58670039CACE /* FirebaseRemoteConfig in Frameworks */,
				5302CFAD2E4B2C9900E19716 /* FirebaseAnalyticsIdentitySupport in Frameworks */,
				5302CFA92E4B2C9900E19716 /* FirebaseAnalytics in Frameworks */,
				5302CFAB2E4B2C9900E19716 /* FirebaseAnalyticsCore in Frameworks */,
				5302CFAF2E4B2C9900E19716 /* FirebaseAppCheck in Frameworks */,
				5302CFA72E4B2C9900E19716 /* FirebaseAI in Frameworks */,
				537BCC8A2E4B58670039CACE /* FirebaseFirestore in Frameworks */,
				537BCC982E4B58670039CACE /* FirebaseMessaging in Frameworks */,
				537BCC942E4B58670039CACE /* FirebaseInstallations in Frameworks */,
				537BCC902E4B58670039CACE /* FirebaseFunctionsCombine-Community in Frameworks */,
				537BCC802E4B58670039CACE /* FirebaseAuth in Frameworks */,
				537BCC7E2E4B58670039CACE /* FirebaseAppDistribution-Beta in Frameworks */,
				537BCC922E4B58670039CACE /* FirebaseInAppMessaging-Beta in Frameworks */,
				537BCC862E4B58670039CACE /* FirebaseCrashlytics in Frameworks */,
				537BCC882E4B58670039CACE /* FirebaseDatabase in Frameworks */,
				537BCC962E4B58670039CACE /* FirebaseMLModelDownloader in Frameworks */,
				537BCC9E2E4B58670039CACE /* FirebaseStorage in Frameworks */,
				537BCC842E4B58670039CACE /* FirebaseCore in Frameworks */,
				537BCC822E4B58670039CACE /* FirebaseAuthCombine-Community in Frameworks */,
			);
			runOnlyForDeploymentPostprocessing = 0;
		};
		5302CF812E4B24F600E19716 /* Frameworks */ = {
			isa = PBXFrameworksBuildPhase;
			buildActionMask = 2147483647;
			files = (
			);
			runOnlyForDeploymentPostprocessing = 0;
		};
		5302CF8B2E4B24F600E19716 /* Frameworks */ = {
			isa = PBXFrameworksBuildPhase;
			buildActionMask = 2147483647;
			files = (
			);
			runOnlyForDeploymentPostprocessing = 0;
		};
/* End PBXFrameworksBuildPhase section */

/* Begin PBXGroup section */
		5302CF6E2E4B24ED00E19716 = {
			isa = PBXGroup;
			children = (
				5302CF792E4B24EE00E19716 /* TodoListApp */,
				5302CF872E4B24F600E19716 /* TodoListAppTests */,
				5302CF912E4B24F600E19716 /* TodoListAppUITests */,
				5302CF782E4B24EE00E19716 /* Products */,
			);
			sourceTree = "<group>";
		};
		5302CF782E4B24EE00E19716 /* Products */ = {
			isa = PBXGroup;
			children = (
				5302CF772E4B24EE00E19716 /* TodoListApp.app */,
				5302CF842E4B24F600E19716 /* TodoListAppTests.xctest */,
				5302CF8E2E4B24F600E19716 /* TodoListAppUITests.xctest */,
			);
			name = Products;
			sourceTree = "<group>";
		};
/* End PBXGroup section */

/* Begin PBXNativeTarget section */
		5302CF762E4B24EE00E19716 /* TodoListApp */ = {
			isa = PBXNativeTarget;
			buildConfigurationList = 5302CF982E4B24F600E19716 /* Build configuration list for PBXNativeTarget "TodoListApp" */;
			buildPhases = (
				5302CF732E4B24EE00E19716 /* Sources */,
				5302CF742E4B24EE00E19716 /* Frameworks */,
				5302CF752E4B24EE00E19716 /* Resources */,
			);
			buildRules = (
			);
			dependencies = (
			);
			fileSystemSynchronizedGroups = (
				5302CF792E4B24EE00E19716 /* TodoListApp */,
			);
			name = TodoListApp;
			packageProductDependencies = (
				5302CFA62E4B2C9900E19716 /* FirebaseAI */,
				5302CFA82E4B2C9900E19716 /* FirebaseAnalytics */,
				5302CFAA2E4B2C9900E19716 /* FirebaseAnalyticsCore */,
				5302CFAC2E4B2C9900E19716 /* FirebaseAnalyticsIdentitySupport */,
				5302CFAE2E4B2C9900E19716 /* FirebaseAppCheck */,
				537BCC7D2E4B58670039CACE /* FirebaseAppDistribution-Beta */,
				537BCC7F2E4B58670039CACE /* FirebaseAuth */,
				537BCC812E4B58670039CACE /* FirebaseAuthCombine-Community */,
				537BCC832E4B58670039CACE /* FirebaseCore */,
				537BCC852E4B58670039CACE /* FirebaseCrashlytics */,
				537BCC872E4B58670039CACE /* FirebaseDatabase */,
				537BCC892E4B58670039CACE /* FirebaseFirestore */,
				537BCC8B2E4B58670039CACE /* FirebaseFirestoreCombine-Community */,
				537BCC8D2E4B58670039CACE /* FirebaseFunctions */,
				537BCC8F2E4B58670039CACE /* FirebaseFunctionsCombine-Community */,
				537BCC912E4B58670039CACE /* FirebaseInAppMessaging-Beta */,
				537BCC932E4B58670039CACE /* FirebaseInstallations */,
				537BCC952E4B58670039CACE /* FirebaseMLModelDownloader */,
				537BCC972E4B58670039CACE /* FirebaseMessaging */,
				537BCC992E4B58670039CACE /* FirebasePerformance */,
				537BCC9B2E4B58670039CACE /* FirebaseRemoteConfig */,
				537BCC9D2E4B58670039CACE /* FirebaseStorage */,
				537BCC9F2E4B58670039CACE /* FirebaseStorageCombine-Community */,
			);
			productName = TodoListApp;
			productReference = 5302CF772E4B24EE00E19716 /* TodoListApp.app */;
			productType = "com.apple.product-type.application";
		};
		5302CF832E4B24F600E19716 /* TodoListAppTests */ = {
			isa = PBXNativeTarget;
			buildConfigurationList = 5302CF9B2E4B24F600E19716 /* Build configuration list for PBXNativeTarget "TodoListAppTests" */;
			buildPhases = (
				5302CF802E4B24F600E19716 /* Sources */,
				5302CF812E4B24F600E19716 /* Frameworks */,
				5302CF822E4B24F600E19716 /* Resources */,
			);
			buildRules = (
			);
			dependencies = (
				5302CF862E4B24F600E19716 /* PBXTargetDependency */,
			);
			fileSystemSynchronizedGroups = (
				5302CF872E4B24F600E19716 /* TodoListAppTests */,
			);
			name = TodoListAppTests;
			packageProductDependencies = (
			);
			productName = TodoListAppTests;
			productReference = 5302CF842E4B24F600E19716 /* TodoListAppTests.xctest */;
			productType = "com.apple.product-type.bundle.unit-test";
		};
		5302CF8D2E4B24F600E19716 /* TodoListAppUITests */ = {
			isa = PBXNativeTarget;
			buildConfigurationList = 5302CF9E2E4B24F600E19716 /* Build configuration list for PBXNativeTarget "TodoListAppUITests" */;
			buildPhases = (
				5302CF8A2E4B24F600E19716 /* Sources */,
				5302CF8B2E4B24F600E19716 /* Frameworks */,
				5302CF8C2E4B24F600E19716 /* Resources */,
			);
			buildRules = (
			);
			dependencies = (
				5302CF902E4B24F600E19716 /* PBXTargetDependency */,
			);
			fileSystemSynchronizedGroups = (
				5302CF912E4B24F600E19716 /* TodoListAppUITests */,
			);
			name = TodoListAppUITests;
			packageProductDependencies = (
			);
			productName = TodoListAppUITests;
			productReference = 5302CF8E2E4B24F600E19716 /* TodoListAppUITests.xctest */;
			productType = "com.apple.product-type.bundle.ui-testing";
		};
/* End PBXNativeTarget section */

/* Begin PBXProject section */
		5302CF6F2E4B24ED00E19716 /* Project object */ = {
			isa = PBXProject;
			attributes = {
				BuildIndependentTargetsInParallel = 1;
				LastSwiftUpdateCheck = 1640;
				LastUpgradeCheck = 1640;
				TargetAttributes = {
					5302CF762E4B24EE00E19716 = {
						CreatedOnToolsVersion = 16.4;
					};
					5302CF832E4B24F600E19716 = {
						CreatedOnToolsVersion = 16.4;
						TestTargetID = 5302CF762E4B24EE00E19716;
					};
					5302CF8D2E4B24F600E19716 = {
						CreatedOnToolsVersion = 16.4;
						TestTargetID = 5302CF762E4B24EE00E19716;
					};
				};
			};
			buildConfigurationList = 5302CF722E4B24EE00E19716 /* Build configuration list for PBXProject "TodoListApp" */;
			developmentRegion = en;
			hasScannedForEncodings = 0;
			knownRegions = (
				en,
				Base,
			);
			mainGroup = 5302CF6E2E4B24ED00E19716;
			minimizedProjectReferenceProxies = 1;
			packageReferences = (
				5302CFA32E4B27DC00E19716 /* XCRemoteSwiftPackageReference "firebase-ios-sdk" */,
			);
			preferredProjectObjectVersion = 77;
			productRefGroup = 5302CF782E4B24EE00E19716 /* Products */;
			projectDirPath = "";
			projectRoot = "";
			targets = (
				5302CF762E4B24EE00E19716 /* TodoListApp */,
				5302CF832E4B24F600E19716 /* TodoListAppTests */,
				5302CF8D2E4B24F600E19716 /* TodoListAppUITests */,
			);
		};
/* End PBXProject section */

/* Begin PBXResourcesBuildPhase section */
		5302CF752E4B24EE00E19716 /* Resources */ = {
			isa = PBXResourcesBuildPhase;
			buildActionMask = 2147483647;
			files = (
			);
			runOnlyForDeploymentPostprocessing = 0;
		};
		5302CF822E4B24F600E19716 /* Resources */ = {
			isa = PBXResourcesBuildPhase;
			buildActionMask = 2147483647;
			files = (
			);
			runOnlyForDeploymentPostprocessing = 0;
		};
		5302CF8C2E4B24F600E19716 /* Resources */ = {
			isa = PBXResourcesBuildPhase;
			buildActionMask = 2147483647;
			files = (
			);
			runOnlyForDeploymentPostprocessing = 0;
		};
/* End PBXResourcesBuildPhase section */

/* Begin PBXSourcesBuildPhase section */
		5302CF732E4B24EE00E19716 /* Sources */ = {
			isa = PBXSourcesBuildPhase;
			buildActionMask = 2147483647;
			files = (
			);
			runOnlyForDeploymentPostprocessing = 0;
		};
		5302CF802E4B24F600E19716 /* Sources */ = {
			isa = PBXSourcesBuildPhase;
			buildActionMask = 2147483647;
			files = (
			);
			runOnlyForDeploymentPostprocessing = 0;
		};
		5302CF8A2E4B24F600E19716 /* Sources */ = {
			isa = PBXSourcesBuildPhase;
			buildActionMask = 2147483647;
			files = (
			);
			runOnlyForDeploymentPostprocessing = 0;
		};
/* End PBXSourcesBuildPhase section */

/* Begin PBXTargetDependency section */
		5302CF862E4B24F600E19716 /* PBXTargetDependency */ = {
			isa = PBXTargetDependency;
			target = 5302CF762E4B24EE00E19716 /* TodoListApp */;
			targetProxy = 5302CF852E4B24F600E19716 /* PBXContainerItemProxy */;
		};
		5302CF902E4B24F600E19716 /* PBXTargetDependency */ = {
			isa = PBXTargetDependency;
			target = 5302CF762E4B24EE00E19716 /* TodoListApp */;
			targetProxy = 5302CF8F2E4B24F600E19716 /* PBXContainerItemProxy */;
		};
/* End PBXTargetDependency section */

/* Begin XCBuildConfiguration section */
		5302CF962E4B24F600E19716 /* Debug */ = {
			isa = XCBuildConfiguration;
			buildSettings = {
				ALWAYS_SEARCH_USER_PATHS = NO;
				ASSETCATALOG_COMPILER_GENERATE_SWIFT_ASSET_SYMBOL_EXTENSIONS = YES;
				CLANG_ANALYZER_NONNULL = YES;
				CLANG_ANALYZER_NUMBER_OBJECT_CONVERSION = YES_AGGRESSIVE;
				CLANG_CXX_LANGUAGE_STANDARD = "gnu++20";
				CLANG_ENABLE_MODULES = YES;
				CLANG_ENABLE_OBJC_ARC = YES;
				CLANG_ENABLE_OBJC_WEAK = YES;
				CLANG_WARN_BLOCK_CAPTURE_AUTORELEASING = YES;
				CLANG_WARN_BOOL_CONVERSION = YES;
				CLANG_WARN_COMMA = YES;
				CLANG_WARN_CONSTANT_CONVERSION = YES;
				CLANG_WARN_DEPRECATED_OBJC_IMPLEMENTATIONS = YES;
				CLANG_WARN_DIRECT_OBJC_ISA_USAGE = YES_ERROR;
				CLANG_WARN_DOCUMENTATION_COMMENTS = YES;
				CLANG_WARN_EMPTY_BODY = YES;
				CLANG_WARN_ENUM_CONVERSION = YES;
				CLANG_WARN_INFINITE_RECURSION = YES;
				CLANG_WARN_INT_CONVERSION = YES;
				CLANG_WARN_NON_LITERAL_NULL_CONVERSION = YES;
				CLANG_WARN_OBJC_IMPLICIT_RETAIN_SELF = YES;
				CLANG_WARN_OBJC_LITERAL_CONVERSION = YES;
				CLANG_WARN_OBJC_ROOT_CLASS = YES_ERROR;
				CLANG_WARN_QUOTED_INCLUDE_IN_FRAMEWORK_HEADER = YES;
				CLANG_WARN_RANGE_LOOP_ANALYSIS = YES;
				CLANG_WARN_STRICT_PROTOTYPES = YES;
				CLANG_WARN_SUSPICIOUS_MOVE = YES;
				CLANG_WARN_UNGUARDED_AVAILABILITY = YES_AGGRESSIVE;
				CLANG_WARN_UNREACHABLE_CODE = YES;
				CLANG_WARN__DUPLICATE_METHOD_MATCH = YES;
				COPY_PHASE_STRIP = NO;
				DEBUG_INFORMATION_FORMAT = dwarf;
				ENABLE_STRICT_OBJC_MSGSEND = YES;
				ENABLE_TESTABILITY = YES;
				ENABLE_USER_SCRIPT_SANDBOXING = YES;
				GCC_C_LANGUAGE_STANDARD = gnu17;
				GCC_DYNAMIC_NO_PIC = NO;
				GCC_NO_COMMON_BLOCKS = YES;
				GCC_OPTIMIZATION_LEVEL = 0;
				GCC_PREPROCESSOR_DEFINITIONS = (
					"DEBUG=1",
					"$(inherited)",
				);
				GCC_WARN_64_TO_32_BIT_CONVERSION = YES;
				GCC_WARN_ABOUT_RETURN_TYPE = YES_ERROR;
				GCC_WARN_UNDECLARED_SELECTOR = YES;
				GCC_WARN_UNINITIALIZED_AUTOS = YES_AGGRESSIVE;
				GCC_WARN_UNUSED_FUNCTION = YES;
				GCC_WARN_UNUSED_VARIABLE = YES;
				IPHONEOS_DEPLOYMENT_TARGET = 18.5;
				LOCALIZATION_PREFERS_STRING_CATALOGS = YES;
				MTL_ENABLE_DEBUG_INFO = INCLUDE_SOURCE;
				MTL_FAST_MATH = YES;
				ONLY_ACTIVE_ARCH = YES;
				SDKROOT = iphoneos;
				SWIFT_ACTIVE_COMPILATION_CONDITIONS = "DEBUG $(inherited)";
				SWIFT_OPTIMIZATION_LEVEL = "-Onone";
			};
			name = Debug;
		};
		5302CF972E4B24F600E19716 /* Release */ = {
			isa = XCBuildConfiguration;
			buildSettings = {
				ALWAYS_SEARCH_USER_PATHS = NO;
				ASSETCATALOG_COMPILER_GENERATE_SWIFT_ASSET_SYMBOL_EXTENSIONS = YES;
				CLANG_ANALYZER_NONNULL = YES;
				CLANG_ANALYZER_NUMBER_OBJECT_CONVERSION = YES_AGGRESSIVE;
				CLANG_CXX_LANGUAGE_STANDARD = "gnu++20";
				CLANG_ENABLE_MODULES = YES;
				CLANG_ENABLE_OBJC_ARC = YES;
				CLANG_ENABLE_OBJC_WEAK = YES;
				CLANG_WARN_BLOCK_CAPTURE_AUTORELEASING = YES;
				CLANG_WARN_BOOL_CONVERSION = YES;
				CLANG_WARN_COMMA = YES;
				CLANG_WARN_CONSTANT_CONVERSION = YES;
				CLANG_WARN_DEPRECATED_OBJC_IMPLEMENTATIONS = YES;
				CLANG_WARN_DIRECT_OBJC_ISA_USAGE = YES_ERROR;
				CLANG_WARN_DOCUMENTATION_COMMENTS = YES;
				CLANG_WARN_EMPTY_BODY = YES;
				CLANG_WARN_ENUM_CONVERSION = YES;
				CLANG_WARN_INFINITE_RECURSION = YES;
				CLANG_WARN_INT_CONVERSION = YES;
				CLANG_WARN_NON_LITERAL_NULL_CONVERSION = YES;
				CLANG_WARN_OBJC_IMPLICIT_RETAIN_SELF = YES;
				CLANG_WARN_OBJC_LITERAL_CONVERSION = YES;
				CLANG_WARN_OBJC_ROOT_CLASS = YES_ERROR;
				CLANG_WARN_QUOTED_INCLUDE_IN_FRAMEWORK_HEADER = YES;
				CLANG_WARN_RANGE_LOOP_ANALYSIS = YES;
				CLANG_WARN_STRICT_PROTOTYPES = YES;
				CLANG_WARN_SUSPICIOUS_MOVE = YES;
				CLANG_WARN_UNGUARDED_AVAILABILITY = YES_AGGRESSIVE;
				CLANG_WARN_UNREACHABLE_CODE = YES;
				CLANG_WARN__DUPLICATE_METHOD_MATCH = YES;
				COPY_PHASE_STRIP = NO;
				DEBUG_INFORMATION_FORMAT = "dwarf-with-dsym";
				ENABLE_NS_ASSERTIONS = NO;
				ENABLE_STRICT_OBJC_MSGSEND = YES;
				ENABLE_USER_SCRIPT_SANDBOXING = YES;
				GCC_C_LANGUAGE_STANDARD = gnu17;
				GCC_NO_COMMON_BLOCKS = YES;
				GCC_WARN_64_TO_32_BIT_CONVERSION = YES;
				GCC_WARN_ABOUT_RETURN_TYPE = YES_ERROR;
				GCC_WARN_UNDECLARED_SELECTOR = YES;
				GCC_WARN_UNINITIALIZED_AUTOS = YES_AGGRESSIVE;
				GCC_WARN_UNUSED_FUNCTION = YES;
				GCC_WARN_UNUSED_VARIABLE = YES;
				IPHONEOS_DEPLOYMENT_TARGET = 18.5;
				LOCALIZATION_PREFERS_STRING_CATALOGS = YES;
				MTL_ENABLE_DEBUG_INFO = NO;
				MTL_FAST_MATH = YES;
				SDKROOT = iphoneos;
				SWIFT_COMPILATION_MODE = wholemodule;
				VALIDATE_PRODUCT = YES;
			};
			name = Release;
		};
		5302CF992E4B24F600E19716 /* Debug */ = {
			isa = XCBuildConfiguration;
			buildSettings = {
				ASSETCATALOG_COMPILER_APPICON_NAME = AppIcon;
				ASSETCATALOG_COMPILER_GLOBAL_ACCENT_COLOR_NAME = AccentColor;
				CODE_SIGN_STYLE = Automatic;
				CURRENT_PROJECT_VERSION = 1;
				DEVELOPMENT_TEAM = Z23WUWXP4U;
				ENABLE_PREVIEWS = YES;
				GENERATE_INFOPLIST_FILE = YES;
				INFOPLIST_KEY_UIApplicationSceneManifest_Generation = YES;
				INFOPLIST_KEY_UIApplicationSupportsIndirectInputEvents = YES;
				INFOPLIST_KEY_UILaunchScreen_Generation = YES;
				INFOPLIST_KEY_UISupportedInterfaceOrientations = UIInterfaceOrientationPortrait;
				LD_RUNPATH_SEARCH_PATHS = (
					"$(inherited)",
					"@executable_path/Frameworks",
				);
				MARKETING_VERSION = 1.0;
				PRODUCT_BUNDLE_IDENTIFIER = com.swiftfull.TodoListApp;
				PRODUCT_NAME = "$(TARGET_NAME)";
				SWIFT_EMIT_LOC_STRINGS = YES;
				SWIFT_VERSION = 5.0;
				TARGETED_DEVICE_FAMILY = "1,2";
			};
			name = Debug;
		};
		5302CF9A2E4B24F600E19716 /* Release */ = {
			isa = XCBuildConfiguration;
			buildSettings = {
				ASSETCATALOG_COMPILER_APPICON_NAME = AppIcon;
				ASSETCATALOG_COMPILER_GLOBAL_ACCENT_COLOR_NAME = AccentColor;
				CODE_SIGN_STYLE = Automatic;
				CURRENT_PROJECT_VERSION = 1;
				DEVELOPMENT_TEAM = Z23WUWXP4U;
				ENABLE_PREVIEWS = YES;
				GENERATE_INFOPLIST_FILE = YES;
				INFOPLIST_KEY_UIApplicationSceneManifest_Generation = YES;
				INFOPLIST_KEY_UIApplicationSupportsIndirectInputEvents = YES;
				INFOPLIST_KEY_UILaunchScreen_Generation = YES;
				INFOPLIST_KEY_UISupportedInterfaceOrientations = UIInterfaceOrientationPortrait;
				LD_RUNPATH_SEARCH_PATHS = (
					"$(inherited)",
					"@executable_path/Frameworks",
				);
				MARKETING_VERSION = 1.0;
				PRODUCT_BUNDLE_IDENTIFIER = com.swiftfull.TodoListApp;
				PRODUCT_NAME = "$(TARGET_NAME)";
				SWIFT_EMIT_LOC_STRINGS = YES;
				SWIFT_VERSION = 5.0;
				TARGETED_DEVICE_FAMILY = "1,2";
			};
			name = Release;
		};
		5302CF9C2E4B24F600E19716 /* Debug */ = {
			isa = XCBuildConfiguration;
			buildSettings = {
				BUNDLE_LOADER = "$(TEST_HOST)";
				CODE_SIGN_STYLE = Automatic;
				CURRENT_PROJECT_VERSION = 1;
				GENERATE_INFOPLIST_FILE = YES;
				IPHONEOS_DEPLOYMENT_TARGET = 18.5;
				MARKETING_VERSION = 1.0;
				PRODUCT_BUNDLE_IDENTIFIER = com.swiftfull.TodoListAppTests;
				PRODUCT_NAME = "$(TARGET_NAME)";
				SWIFT_EMIT_LOC_STRINGS = NO;
				SWIFT_VERSION = 5.0;
				TARGETED_DEVICE_FAMILY = "1,2";
				TEST_HOST = "$(BUILT_PRODUCTS_DIR)/TodoListApp.app/$(BUNDLE_EXECUTABLE_FOLDER_PATH)/TodoListApp";
			};
			name = Debug;
		};
		5302CF9D2E4B24F600E19716 /* Release */ = {
			isa = XCBuildConfiguration;
			buildSettings = {
				BUNDLE_LOADER = "$(TEST_HOST)";
				CODE_SIGN_STYLE = Automatic;
				CURRENT_PROJECT_VERSION = 1;
				GENERATE_INFOPLIST_FILE = YES;
				IPHONEOS_DEPLOYMENT_TARGET = 18.5;
				MARKETING_VERSION = 1.0;
				PRODUCT_BUNDLE_IDENTIFIER = com.swiftfull.TodoListAppTests;
				PRODUCT_NAME = "$(TARGET_NAME)";
				SWIFT_EMIT_LOC_STRINGS = NO;
				SWIFT_VERSION = 5.0;
				TARGETED_DEVICE_FAMILY = "1,2";
				TEST_HOST = "$(BUILT_PRODUCTS_DIR)/TodoListApp.app/$(BUNDLE_EXECUTABLE_FOLDER_PATH)/TodoListApp";
			};
			name = Release;
		};
		5302CF9F2E4B24F600E19716 /* Debug */ = {
			isa = XCBuildConfiguration;
			buildSettings = {
				CODE_SIGN_STYLE = Automatic;
				CURRENT_PROJECT_VERSION = 1;
				GENERATE_INFOPLIST_FILE = YES;
				MARKETING_VERSION = 1.0;
				PRODUCT_BUNDLE_IDENTIFIER = com.swiftfull.TodoListAppUITests;
				PRODUCT_NAME = "$(TARGET_NAME)";
				SWIFT_EMIT_LOC_STRINGS = NO;
				SWIFT_VERSION = 5.0;
				TARGETED_DEVICE_FAMILY = "1,2";
				TEST_TARGET_NAME = TodoListApp;
			};
			name = Debug;
		};
		5302CFA02E4B24F600E19716 /* Release */ = {
			isa = XCBuildConfiguration;
			buildSettings = {
				CODE_SIGN_STYLE = Automatic;
				CURRENT_PROJECT_VERSION = 1;
				GENERATE_INFOPLIST_FILE = YES;
				MARKETING_VERSION = 1.0;
				PRODUCT_BUNDLE_IDENTIFIER = com.swiftfull.TodoListAppUITests;
				PRODUCT_NAME = "$(TARGET_NAME)";
				SWIFT_EMIT_LOC_STRINGS = NO;
				SWIFT_VERSION = 5.0;
				TARGETED_DEVICE_FAMILY = "1,2";
				TEST_TARGET_NAME = TodoListApp;
			};
			name = Release;
		};
/* End XCBuildConfiguration section */

/* Begin XCConfigurationList section */
		5302CF722E4B24EE00E19716 /* Build configuration list for PBXProject "TodoListApp" */ = {
			isa = XCConfigurationList;
			buildConfigurations = (
				5302CF962E4B24F600E19716 /* Debug */,
				5302CF972E4B24F600E19716 /* Release */,
			);
			defaultConfigurationIsVisible = 0;
			defaultConfigurationName = Release;
		};
		5302CF982E4B24F600E19716 /* Build configuration list for PBXNativeTarget "TodoListApp" */ = {
			isa = XCConfigurationList;
			buildConfigurations = (
				5302CF992E4B24F600E19716 /* Debug */,
				5302CF9A2E4B24F600E19716 /* Release */,
			);
			defaultConfigurationIsVisible = 0;
			defaultConfigurationName = Release;
		};
		5302CF9B2E4B24F600E19716 /* Build configuration list for PBXNativeTarget "TodoListAppTests" */ = {
			isa = XCConfigurationList;
			buildConfigurations = (
				5302CF9C2E4B24F600E19716 /* Debug */,
				5302CF9D2E4B24F600E19716 /* Release */,
			);
			defaultConfigurationIsVisible = 0;
			defaultConfigurationName = Release;
		};
		5302CF9E2E4B24F600E19716 /* Build configuration list for PBXNativeTarget "TodoListAppUITests" */ = {
			isa = XCConfigurationList;
			buildConfigurations = (
				5302CF9F2E4B24F600E19716 /* Debug */,
				5302CFA02E4B24F600E19716 /* Release */,
			);
			defaultConfigurationIsVisible = 0;
			defaultConfigurationName = Release;
		};
/* End XCConfigurationList section */

/* Begin XCRemoteSwiftPackageReference section */
		5302CFA32E4B27DC00E19716 /* XCRemoteSwiftPackageReference "firebase-ios-sdk" */ = {
			isa = XCRemoteSwiftPackageReference;
			repositoryURL = "https://github.com/firebase/firebase-ios-sdk";
			requirement = {
				kind = upToNextMajorVersion;
				minimumVersion = 12.1.0;
			};
		};
/* End XCRemoteSwiftPackageReference section */

/* Begin XCSwiftPackageProductDependency section */
		5302CFA62E4B2C9900E19716 /* FirebaseAI */ = {
			isa = XCSwiftPackageProductDependency;
			package = 5302CFA32E4B27DC00E19716 /* XCRemoteSwiftPackageReference "firebase-ios-sdk" */;
			productName = FirebaseAI;
		};
		5302CFA82E4B2C9900E19716 /* FirebaseAnalytics */ = {
			isa = XCSwiftPackageProductDependency;
			package = 5302CFA32E4B27DC00E19716 /* XCRemoteSwiftPackageReference "firebase-ios-sdk" */;
			productName = FirebaseAnalytics;
		};
		5302CFAA2E4B2C9900E19716 /* FirebaseAnalyticsCore */ = {
			isa = XCSwiftPackageProductDependency;
			package = 5302CFA32E4B27DC00E19716 /* XCRemoteSwiftPackageReference "firebase-ios-sdk" */;
			productName = FirebaseAnalyticsCore;
		};
		5302CFAC2E4B2C9900E19716 /* FirebaseAnalyticsIdentitySupport */ = {
			isa = XCSwiftPackageProductDependency;
			package = 5302CFA32E4B27DC00E19716 /* XCRemoteSwiftPackageReference "firebase-ios-sdk" */;
			productName = FirebaseAnalyticsIdentitySupport;
		};
		5302CFAE2E4B2C9900E19716 /* FirebaseAppCheck */ = {
			isa = XCSwiftPackageProductDependency;
			package = 5302CFA32E4B27DC00E19716 /* XCRemoteSwiftPackageReference "firebase-ios-sdk" */;
			productName = FirebaseAppCheck;
		};
		537BCC7D2E4B58670039CACE /* FirebaseAppDistribution-Beta */ = {
			isa = XCSwiftPackageProductDependency;
			package = 5302CFA32E4B27DC00E19716 /* XCRemoteSwiftPackageReference "firebase-ios-sdk" */;
			productName = "FirebaseAppDistribution-Beta";
		};
		537BCC7F2E4B58670039CACE /* FirebaseAuth */ = {
			isa = XCSwiftPackageProductDependency;
			package = 5302CFA32E4B27DC00E19716 /* XCRemoteSwiftPackageReference "firebase-ios-sdk" */;
			productName = FirebaseAuth;
		};
		537BCC812E4B58670039CACE /* FirebaseAuthCombine-Community */ = {
			isa = XCSwiftPackageProductDependency;
			package = 5302CFA32E4B27DC00E19716 /* XCRemoteSwiftPackageReference "firebase-ios-sdk" */;
			productName = "FirebaseAuthCombine-Community";
		};
		537BCC832E4B58670039CACE /* FirebaseCore */ = {
			isa = XCSwiftPackageProductDependency;
			package = 5302CFA32E4B27DC00E19716 /* XCRemoteSwiftPackageReference "firebase-ios-sdk" */;
			productName = FirebaseCore;
		};
		537BCC852E4B58670039CACE /* FirebaseCrashlytics */ = {
			isa = XCSwiftPackageProductDependency;
			package = 5302CFA32E4B27DC00E19716 /* XCRemoteSwiftPackageReference "firebase-ios-sdk" */;
			productName = FirebaseCrashlytics;
		};
		537BCC872E4B58670039CACE /* FirebaseDatabase */ = {
			isa = XCSwiftPackageProductDependency;
			package = 5302CFA32E4B27DC00E19716 /* XCRemoteSwiftPackageReference "firebase-ios-sdk" */;
			productName = FirebaseDatabase;
		};
		537BCC892E4B58670039CACE /* FirebaseFirestore */ = {
			isa = XCSwiftPackageProductDependency;
			package = 5302CFA32E4B27DC00E19716 /* XCRemoteSwiftPackageReference "firebase-ios-sdk" */;
			productName = FirebaseFirestore;
		};
		537BCC8B2E4B58670039CACE /* FirebaseFirestoreCombine-Community */ = {
			isa = XCSwiftPackageProductDependency;
			package = 5302CFA32E4B27DC00E19716 /* XCRemoteSwiftPackageReference "firebase-ios-sdk" */;
			productName = "FirebaseFirestoreCombine-Community";
		};
		537BCC8D2E4B58670039CACE /* FirebaseFunctions */ = {
			isa = XCSwiftPackageProductDependency;
			package = 5302CFA32E4B27DC00E19716 /* XCRemoteSwiftPackageReference "firebase-ios-sdk" */;
			productName = FirebaseFunctions;
		};
		537BCC8F2E4B58670039CACE /* FirebaseFunctionsCombine-Community */ = {
			isa = XCSwiftPackageProductDependency;
			package = 5302CFA32E4B27DC00E19716 /* XCRemoteSwiftPackageReference "firebase-ios-sdk" */;
			productName = "FirebaseFunctionsCombine-Community";
		};
		537BCC912E4B58670039CACE /* FirebaseInAppMessaging-Beta */ = {
			isa = XCSwiftPackageProductDependency;
			package = 5302CFA32E4B27DC00E19716 /* XCRemoteSwiftPackageReference "firebase-ios-sdk" */;
			productName = "FirebaseInAppMessaging-Beta";
		};
		537BCC932E4B58670039CACE /* FirebaseInstallations */ = {
			isa = XCSwiftPackageProductDependency;
			package = 5302CFA32E4B27DC00E19716 /* XCRemoteSwiftPackageReference "firebase-ios-sdk" */;
			productName = FirebaseInstallations;
		};
		537BCC952E4B58670039CACE /* FirebaseMLModelDownloader */ = {
			isa = XCSwiftPackageProductDependency;
			package = 5302CFA32E4B27DC00E19716 /* XCRemoteSwiftPackageReference "firebase-ios-sdk" */;
			productName = FirebaseMLModelDownloader;
		};
		537BCC972E4B58670039CACE /* FirebaseMessaging */ = {
			isa = XCSwiftPackageProductDependency;
			package = 5302CFA32E4B27DC00E19716 /* XCRemoteSwiftPackageReference "firebase-ios-sdk" */;
			productName = FirebaseMessaging;
		};
		537BCC992E4B58670039CACE /* FirebasePerformance */ = {
			isa = XCSwiftPackageProductDependency;
			package = 5302CFA32E4B27DC00E19716 /* XCRemoteSwiftPackageReference "firebase-ios-sdk" */;
			productName = FirebasePerformance;
		};
		537BCC9B2E4B58670039CACE /* FirebaseRemoteConfig */ = {
			isa = XCSwiftPackageProductDependency;
			package = 5302CFA32E4B27DC00E19716 /* XCRemoteSwiftPackageReference "firebase-ios-sdk" */;
			productName = FirebaseRemoteConfig;
		};
		537BCC9D2E4B58670039CACE /* FirebaseStorage */ = {
			isa = XCSwiftPackageProductDependency;
			package = 5302CFA32E4B27DC00E19716 /* XCRemoteSwiftPackageReference "firebase-ios-sdk" */;
			productName = FirebaseStorage;
		};
		537BCC9F2E4B58670039CACE /* FirebaseStorageCombine-Community */ = {
			isa = XCSwiftPackageProductDependency;
			package = 5302CFA32E4B27DC00E19716 /* XCRemoteSwiftPackageReference "firebase-ios-sdk" */;
			productName = "FirebaseStorageCombine-Community";
		};
/* End XCSwiftPackageProductDependency section */
	};
	rootObject = 5302CF6F2E4B24ED00E19716 /* Project object */;
}
